
Microsoft Visual Studio Solution File, Format Version 12.00
# Visual Studio Version 17
VisualStudioVersion = 17.2.32516.85
MinimumVisualStudioVersion = 10.0.40219.1
Project("{FAE04EC0-301F-11D3-BF4B-00C04F79EFBC}") = "ExemploRefit", "ExemploRefit\ExemploRefit.csproj", "{391A5BD7-20F5-4F1F-865B-FD6926C3EA76}"
EndProject
Global
	GlobalSection(SolutionConfigurationPlatforms) = preSolution
		Debug|Any CPU = Debug|Any CPU
		Release|Any CPU = Release|Any CPU
	EndGlobalSection
	GlobalSection(ProjectConfigurationPlatforms) = postSolution
		{391A5BD7-20F5-4F1F-865B-FD6926C3EA76}.Debug|Any CPU.ActiveCfg = Debug|Any CPU
		{391A5BD7-20F5-4F1F-865B-FD6926C3EA76}.Debug|Any CPU.Build.0 = Debug|Any CPU
		{391A5BD7-20F5-4F1F-865B-FD6926C3EA76}.Release|Any CPU.ActiveCfg = Release|Any CPU
		{391A5BD7-20F5-4F1F-865B-FD6926C3EA76}.Release|Any CPU.Build.0 = Release|Any CPU
	EndGlobalSection
	GlobalSection(SolutionProperties) = preSolution
		HideSolutionNode = FALSE
	EndGlobalSection
	GlobalSection(ExtensibilityGlobals) = postSolution
		SolutionGuid = {7DBEED6C-616B-4D26-9FAD-281EC289E07E}
	EndGlobalSection
EndGlobal
